
Microsoft Visual Studio Solution File, Format Version 12.00
# Visual Studio 15
VisualStudioVersion = 15.0.26730.16
MinimumVisualStudioVersion = 10.0.40219.1
Project("{FAE04EC0-301F-11D3-BF4B-00C04F79EFBC}") = "WebApp", "WebApp\WebApp.csproj", "{EC1D08BB-33E8-4F64-B1FD-C01DC34E4AFE}"
EndProject
Global
	GlobalSection(SolutionConfigurationPlatforms) = preSolution
		Debug|Any CPU = Debug|Any CPU
		Release|Any CPU = Release|Any CPU
	EndGlobalSection
	GlobalSection(ProjectConfigurationPlatforms) = postSolution
		{EC1D08BB-33E8-4F64-B1FD-C01DC34E4AFE}.Debug|Any CPU.ActiveCfg = Debug|Any CPU
		{EC1D08BB-33E8-4F64-B1FD-C01DC34E4AFE}.Debug|Any CPU.Build.0 = Debug|Any CPU
		{EC1D08BB-33E8-4F64-B1FD-C01DC34E4AFE}.Release|Any CPU.ActiveCfg = Release|Any CPU
		{EC1D08BB-33E8-4F64-B1FD-C01DC34E4AFE}.Release|Any CPU.Build.0 = Release|Any CPU
	EndGlobalSection
	GlobalSection(SolutionProperties) = preSolution
		HideSolutionNode = FALSE
	EndGlobalSection
	GlobalSection(ExtensibilityGlobals) = postSolution
		SolutionGuid = {D93BB638-80F7-4B79-B31D-E4D270305A49}
	EndGlobalSection
EndGlobal
